// !$*UTF8*$!
{
	archiveVersion = 1;
	classes = {
	};
	objectVersion = 46;
	objects = {

/* Begin PBXBuildFile section */
		2F11119C19AB62A8007EF013 /* Foundation.framework in Frameworks */ = {isa = PBXBuildFile; fileRef = 2F11119B19AB62A8007EF013 /* Foundation.framework */; };
		2F11119E19AB62A8007EF013 /* CoreGraphics.framework in Frameworks */ = {isa = PBXBuildFile; fileRef = 2F11119D19AB62A8007EF013 /* CoreGraphics.framework */; };
		2F1111A019AB62A8007EF013 /* UIKit.framework in Frameworks */ = {isa = PBXBuildFile; fileRef = 2F11119F19AB62A8007EF013 /* UIKit.framework */; };
		2F1111A619AB62A8007EF013 /* InfoPlist.strings in Resources */ = {isa = PBXBuildFile; fileRef = 2F1111A419AB62A8007EF013 /* InfoPlist.strings */; };
		2F1111A819AB62A8007EF013 /* main.m in Sources */ = {isa = PBXBuildFile; fileRef = 2F1111A719AB62A8007EF013 /* main.m */; };
		2F1111AC19AB62A9007EF013 /* AppDelegate.m in Sources */ = {isa = PBXBuildFile; fileRef = 2F1111AB19AB62A9007EF013 /* AppDelegate.m */; };
		2F1111AF19AB62A9007EF013 /* Main_iPhone.storyboard in Resources */ = {isa = PBXBuildFile; fileRef = 2F1111AD19AB62A9007EF013 /* Main_iPhone.storyboard */; };
		2F1111B219AB62A9007EF013 /* Main_iPad.storyboard in Resources */ = {isa = PBXBuildFile; fileRef = 2F1111B019AB62A9007EF013 /* Main_iPad.storyboard */; };
		2F1111B519AB62A9007EF013 /* ViewController.m in Sources */ = {isa = PBXBuildFile; fileRef = 2F1111B419AB62A9007EF013 /* ViewController.m */; };
		2F1111B719AB62A9007EF013 /* Images.xcassets in Resources */ = {isa = PBXBuildFile; fileRef = 2F1111B619AB62A9007EF013 /* Images.xcassets */; };
		2F1111BE19AB62A9007EF013 /* XCTest.framework in Frameworks */ = {isa = PBXBuildFile; fileRef = 2F1111BD19AB62A9007EF013 /* XCTest.framework */; };
		2F1111BF19AB62A9007EF013 /* Foundation.framework in Frameworks */ = {isa = PBXBuildFile; fileRef = 2F11119B19AB62A8007EF013 /* Foundation.framework */; };
		2F1111C019AB62A9007EF013 /* UIKit.framework in Frameworks */ = {isa = PBXBuildFile; fileRef = 2F11119F19AB62A8007EF013 /* UIKit.framework */; };
		2F1111C819AB62A9007EF013 /* InfoPlist.strings in Resources */ = {isa = PBXBuildFile; fileRef = 2F1111C619AB62A9007EF013 /* InfoPlist.strings */; };
		2F1111CA19AB62A9007EF013 /* student_datailTests.m in Sources */ = {isa = PBXBuildFile; fileRef = 2F1111C919AB62A9007EF013 /* student_datailTests.m */; };
		2F1111D519AB64A8007EF013 /* details.m in Sources */ = {isa = PBXBuildFile; fileRef = 2F1111D419AB64A8007EF013 /* details.m */; };
		2F773CCB19AC4ED200676761 /* TableViewController.m in Sources */ = {isa = PBXBuildFile; fileRef = 2F773CCA19AC4ED200676761 /* TableViewController.m */; };
/* End PBXBuildFile section */

/* Begin PBXContainerItemProxy section */
		2F1111C119AB62A9007EF013 /* PBXContainerItemProxy */ = {
			isa = PBXContainerItemProxy;
			containerPortal = 2F11119019AB62A8007EF013 /* Project object */;
			proxyType = 1;
			remoteGlobalIDString = 2F11119719AB62A8007EF013;
			remoteInfo = "student datail";
		};
/* End PBXContainerItemProxy section */

/* Begin PBXFileReference section */
		2F11119819AB62A8007EF013 /* student datail.app */ = {isa = PBXFileReference; explicitFileType = wrapper.application; includeInIndex = 0; path = "student datail.app"; sourceTree = BUILT_PRODUCTS_DIR; };
		2F11119B19AB62A8007EF013 /* Foundation.framework */ = {isa = PBXFileReference; lastKnownFileType = wrapper.framework; name = Foundation.framework; path = System/Library/Frameworks/Foundation.framework; sourceTree = SDKROOT; };
		2F11119D19AB62A8007EF013 /* CoreGraphics.framework */ = {isa = PBXFileReference; lastKnownFileType = wrapper.framework; name = CoreGraphics.framework; path = System/Library/Frameworks/CoreGraphics.framework; sourceTree = SDKROOT; };
		2F11119F19AB62A8007EF013 /* UIKit.framework */ = {isa = PBXFileReference; lastKnownFileType = wrapper.framework; name = UIKit.framework; path = System/Library/Frameworks/UIKit.framework; sourceTree = SDKROOT; };
		2F1111A319AB62A8007EF013 /* student datail-Info.plist */ = {isa = PBXFileReference; lastKnownFileType = text.plist.xml; path = "student datail-Info.plist"; sourceTree = "<group>"; };
		2F1111A519AB62A8007EF013 /* en */ = {isa = PBXFileReference; lastKnownFileType = text.plist.strings; name = en; path = en.lproj/InfoPlist.strings; sourceTree = "<group>"; };
		2F1111A719AB62A8007EF013 /* main.m */ = {isa = PBXFileReference; lastKnownFileType = sourcecode.c.objc; path = main.m; sourceTree = "<group>"; };
		2F1111A919AB62A8007EF013 /* student datail-Prefix.pch */ = {isa = PBXFileReference; lastKnownFileType = sourcecode.c.h; path = "student datail-Prefix.pch"; sourceTree = "<group>"; };
		2F1111AA19AB62A8007EF013 /* AppDelegate.h */ = {isa = PBXFileReference; lastKnownFileType = sourcecode.c.h; path = AppDelegate.h; sourceTree = "<group>"; };
		2F1111AB19AB62A9007EF013 /* AppDelegate.m */ = {isa = PBXFileReference; lastKnownFileType = sourcecode.c.objc; path = AppDelegate.m; sourceTree = "<group>"; };
		2F1111AE19AB62A9007EF013 /* Base */ = {isa = PBXFileReference; lastKnownFileType = file.storyboard; name = Base; path = Base.lproj/Main_iPhone.storyboard; sourceTree = "<group>"; };
		2F1111B119AB62A9007EF013 /* Base */ = {isa = PBXFileReference; lastKnownFileType = file.storyboard; name = Base; path = Base.lproj/Main_iPad.storyboard; sourceTree = "<group>"; };
		2F1111B319AB62A9007EF013 /* ViewController.h */ = {isa = PBXFileReference; lastKnownFileType = sourcecode.c.h; path = ViewController.h; sourceTree = "<group>"; };
		2F1111B419AB62A9007EF013 /* ViewController.m */ = {isa = PBXFileReference; lastKnownFileType = sourcecode.c.objc; path = ViewController.m; sourceTree = "<group>"; };
		2F1111B619AB62A9007EF013 /* Images.xcassets */ = {isa = PBXFileReference; lastKnownFileType = folder.assetcatalog; path = Images.xcassets; sourceTree = "<group>"; };
		2F1111BC19AB62A9007EF013 /* student datailTests.xctest */ = {isa = PBXFileReference; explicitFileType = wrapper.cfbundle; includeInIndex = 0; path = "student datailTests.xctest"; sourceTree = BUILT_PRODUCTS_DIR; };
		2F1111BD19AB62A9007EF013 /* XCTest.framework */ = {isa = PBXFileReference; lastKnownFileType = wrapper.framework; name = XCTest.framework; path = Library/Frameworks/XCTest.framework; sourceTree = DEVELOPER_DIR; };
		2F1111C519AB62A9007EF013 /* student datailTests-Info.plist */ = {isa = PBXFileReference; lastKnownFileType = text.plist.xml; path = "student datailTests-Info.plist"; sourceTree = "<group>"; };
		2F1111C719AB62A9007EF013 /* en */ = {isa = PBXFileReference; lastKnownFileType = text.plist.strings; name = en; path = en.lproj/InfoPlist.strings; sourceTree = "<group>"; };
		2F1111C919AB62A9007EF013 /* student_datailTests.m */ = {isa = PBXFileReference; lastKnownFileType = sourcecode.c.objc; path = student_datailTests.m; sourceTree = "<group>"; };
		2F1111D319AB64A8007EF013 /* details.h */ = {isa = PBXFileReference; fileEncoding = 4; lastKnownFileType = sourcecode.c.h; path = details.h; sourceTree = "<group>"; };
		2F1111D419AB64A8007EF013 /* details.m */ = {isa = PBXFileReference; fileEncoding = 4; lastKnownFileType = sourcecode.c.objc; path = details.m; sourceTree = "<group>"; };
		2F773CC919AC4ED200676761 /* TableViewController.h */ = {isa = PBXFileReference; fileEncoding = 4; lastKnownFileType = sourcecode.c.h; path = TableViewController.h; sourceTree = "<group>"; };
		2F773CCA19AC4ED200676761 /* TableViewController.m */ = {isa = PBXFileReference; fileEncoding = 4; lastKnownFileType = sourcecode.c.objc; path = TableViewController.m; sourceTree = "<group>"; };
/* End PBXFileReference section */

/* Begin PBXFrameworksBuildPhase section */
		2F11119519AB62A8007EF013 /* Frameworks */ = {
			isa = PBXFrameworksBuildPhase;
			buildActionMask = 2147483647;
			files = (
				2F11119E19AB62A8007EF013 /* CoreGraphics.framework in Frameworks */,
				2F1111A019AB62A8007EF013 /* UIKit.framework in Frameworks */,
				2F11119C19AB62A8007EF013 /* Foundation.framework in Frameworks */,
			);
			runOnlyForDeploymentPostprocessing = 0;
		};
		2F1111B919AB62A9007EF013 /* Frameworks */ = {
			isa = PBXFrameworksBuildPhase;
			buildActionMask = 2147483647;
			files = (
				2F1111BE19AB62A9007EF013 /* XCTest.framework in Frameworks */,
				2F1111C019AB62A9007EF013 /* UIKit.framework in Frameworks */,
				2F1111BF19AB62A9007EF013 /* Foundation.framework in Frameworks */,
			);
			runOnlyForDeploymentPostprocessing = 0;
		};
/* End PBXFrameworksBuildPhase section */

/* Begin PBXGroup section */
		2F11118F19AB62A8007EF013 = {
			isa = PBXGroup;
			children = (
				2F1111A119AB62A8007EF013 /* student datail */,
				2F1111C319AB62A9007EF013 /* student datailTests */,
				2F11119A19AB62A8007EF013 /* Frameworks */,
				2F11119919AB62A8007EF013 /* Products */,
			);
			sourceTree = "<group>";
		};
		2F11119919AB62A8007EF013 /* Products */ = {
			isa = PBXGroup;
			children = (
				2F11119819AB62A8007EF013 /* student datail.app */,
				2F1111BC19AB62A9007EF013 /* student datailTests.xctest */,
			);
			name = Products;
			sourceTree = "<group>";
		};
		2F11119A19AB62A8007EF013 /* Frameworks */ = {
			isa = PBXGroup;
			children = (
				2F11119B19AB62A8007EF013 /* Foundation.framework */,
				2F11119D19AB62A8007EF013 /* CoreGraphics.framework */,
				2F11119F19AB62A8007EF013 /* UIKit.framework */,
				2F1111BD19AB62A9007EF013 /* XCTest.framework */,
			);
			name = Frameworks;
			sourceTree = "<group>";
		};
		2F1111A119AB62A8007EF013 /* student datail */ = {
			isa = PBXGroup;
			children = (
				2F1111AA19AB62A8007EF013 /* AppDelegate.h */,
				2F1111AB19AB62A9007EF013 /* AppDelegate.m */,
				2F1111AD19AB62A9007EF013 /* Main_iPhone.storyboard */,
				2F1111B019AB62A9007EF013 /* Main_iPad.storyboard */,
				2F1111B319AB62A9007EF013 /* ViewController.h */,
				2F1111B419AB62A9007EF013 /* ViewController.m */,
				2F1111D319AB64A8007EF013 /* details.h */,
				2F1111D419AB64A8007EF013 /* details.m */,
				2F773CC919AC4ED200676761 /* TableViewController.h */,
				2F773CCA19AC4ED200676761 /* TableViewController.m */,
				2F1111B619AB62A9007EF013 /* Images.xcassets */,
				2F1111A219AB62A8007EF013 /* Supporting Files */,
			);
			path = "student datail";
			sourceTree = "<group>";
		};
		2F1111A219AB62A8007EF013 /* Supporting Files */ = {
			isa = PBXGroup;
			children = (
				2F1111A319AB62A8007EF013 /* student datail-Info.plist */,
				2F1111A419AB62A8007EF013 /* InfoPlist.strings */,
				2F1111A719AB62A8007EF013 /* main.m */,
				2F1111A919AB62A8007EF013 /* student datail-Prefix.pch */,
			);
			name = "Supporting Files";
			sourceTree = "<group>";
		};
		2F1111C319AB62A9007EF013 /* student datailTests */ = {
			isa = PBXGroup;
			children = (
				2F1111C919AB62A9007EF013 /* student_datailTests.m */,
				2F1111C419AB62A9007EF013 /* Supporting Files */,
			);
			path = "student datailTests";
			sourceTree = "<group>";
		};
		2F1111C419AB62A9007EF013 /* Supporting Files */ = {
			isa = PBXGroup;
			children = (
				2F1111C519AB62A9007EF013 /* student datailTests-Info.plist */,
				2F1111C619AB62A9007EF013 /* InfoPlist.strings */,
			);
			name = "Supporting Files";
			sourceTree = "<group>";
		};
/* End PBXGroup section */

/* Begin PBXNativeTarget section */
		2F11119719AB62A8007EF013 /* student datail */ = {
			isa = PBXNativeTarget;
			buildConfigurationList = 2F1111CD19AB62A9007EF013 /* Build configuration list for PBXNativeTarget "student datail" */;
			buildPhases = (
				2F11119419AB62A8007EF013 /* Sources */,
				2F11119519AB62A8007EF013 /* Frameworks */,
				2F11119619AB62A8007EF013 /* Resources */,
			);
			buildRules = (
			);
			dependencies = (
			);
			name = "student datail";
			productName = "student datail";
			productReference = 2F11119819AB62A8007EF013 /* student datail.app */;
			productType = "com.apple.product-type.application";
		};
		2F1111BB19AB62A9007EF013 /* student datailTests */ = {
			isa = PBXNativeTarget;
			buildConfigurationList = 2F1111D019AB62A9007EF013 /* Build configuration list for PBXNativeTarget "student datailTests" */;
			buildPhases = (
				2F1111B819AB62A9007EF013 /* Sources */,
				2F1111B919AB62A9007EF013 /* Frameworks */,
				2F1111BA19AB62A9007EF013 /* Resources */,
			);
			buildRules = (
			);
			dependencies = (
				2F1111C219AB62A9007EF013 /* PBXTargetDependency */,
			);
			name = "student datailTests";
			productName = "student datailTests";
			productReference = 2F1111BC19AB62A9007EF013 /* student datailTests.xctest */;
			productType = "com.apple.product-type.bundle.unit-test";
		};
/* End PBXNativeTarget section */

/* Begin PBXProject section */
		2F11119019AB62A8007EF013 /* Project object */ = {
			isa = PBXProject;
			attributes = {
				LastUpgradeCheck = 0510;
				ORGANIZATIONNAME = "___FULLUSERNAME___";
				TargetAttributes = {
					2F1111BB19AB62A9007EF013 = {
						TestTargetID = 2F11119719AB62A8007EF013;
					};
				};
			};
			buildConfigurationList = 2F11119319AB62A8007EF013 /* Build configuration list for PBXProject "student datail" */;
			compatibilityVersion = "Xcode 3.2";
			developmentRegion = English;
			hasScannedForEncodings = 0;
			knownRegions = (
				en,
				Base,
			);
			mainGroup = 2F11118F19AB62A8007EF013;
			productRefGroup = 2F11119919AB62A8007EF013 /* Products */;
			projectDirPath = "";
			projectRoot = "";
			targets = (
				2F11119719AB62A8007EF013 /* student datail */,
				2F1111BB19AB62A9007EF013 /* student datailTests */,
			);
		};
/* End PBXProject section */

/* Begin PBXResourcesBuildPhase section */
		2F11119619AB62A8007EF013 /* Resources */ = {
			isa = PBXResourcesBuildPhase;
			buildActionMask = 2147483647;
			files = (
				2F1111B219AB62A9007EF013 /* Main_iPad.storyboard in Resources */,
				2F1111B719AB62A9007EF013 /* Images.xcassets in Resources */,
				2F1111AF19AB62A9007EF013 /* Main_iPhone.storyboard in Resources */,
				2F1111A619AB62A8007EF013 /* InfoPlist.strings in Resources */,
			);
			runOnlyForDeploymentPostprocessing = 0;
		};
		2F1111BA19AB62A9007EF013 /* Resources */ = {
			isa = PBXResourcesBuildPhase;
			buildActionMask = 2147483647;
			files = (
				2F1111C819AB62A9007EF013 /* InfoPlist.strings in Resources */,
			);
			runOnlyForDeploymentPostprocessing = 0;
		};
/* End PBXResourcesBuildPhase section */

/* Begin PBXSourcesBuildPhase section */
		2F11119419AB62A8007EF013 /* Sources */ = {
			isa = PBXSourcesBuildPhase;
			buildActionMask = 2147483647;
			files = (
				2F1111B519AB62A9007EF013 /* ViewController.m in Sources */,
				2F1111AC19AB62A9007EF013 /* AppDelegate.m in Sources */,
				2F1111D519AB64A8007EF013 /* details.m in Sources */,
				2F773CCB19AC4ED200676761 /* TableViewController.m in Sources */,
				2F1111A819AB62A8007EF013 /* main.m in Sources */,
			);
			runOnlyForDeploymentPostprocessing = 0;
		};
		2F1111B819AB62A9007EF013 /* Sources */ = {
			isa = PBXSourcesBuildPhase;
			buildActionMask = 2147483647;
			files = (
				2F1111CA19AB62A9007EF013 /* student_datailTests.m in Sources */,
			);
			runOnlyForDeploymentPostprocessing = 0;
		};
/* End PBXSourcesBuildPhase section */

/* Begin PBXTargetDependency section */
		2F1111C219AB62A9007EF013 /* PBXTargetDependency */ = {
			isa = PBXTargetDependency;
			target = 2F11119719AB62A8007EF013 /* student datail */;
			targetProxy = 2F1111C119AB62A9007EF013 /* PBXContainerItemProxy */;
		};
/* End PBXTargetDependency section */

/* Begin PBXVariantGroup section */
		2F1111A419AB62A8007EF013 /* InfoPlist.strings */ = {
			isa = PBXVariantGroup;
			children = (
				2F1111A519AB62A8007EF013 /* en */,
			);
			name = InfoPlist.strings;
			sourceTree = "<group>";
		};
		2F1111AD19AB62A9007EF013 /* Main_iPhone.storyboard */ = {
			isa = PBXVariantGroup;
			children = (
				2F1111AE19AB62A9007EF013 /* Base */,
			);
			name = Main_iPhone.storyboard;
			sourceTree = "<group>";
		};
		2F1111B019AB62A9007EF013 /* Main_iPad.storyboard */ = {
			isa = PBXVariantGroup;
			children = (
				2F1111B119AB62A9007EF013 /* Base */,
			);
			name = Main_iPad.storyboard;
			sourceTree = "<group>";
		};
		2F1111C619AB62A9007EF013 /* InfoPlist.strings */ = {
			isa = PBXVariantGroup;
			children = (
				2F1111C719AB62A9007EF013 /* en */,
			);
			name = InfoPlist.strings;
			sourceTree = "<group>";
		};
/* End PBXVariantGroup section */

/* Begin XCBuildConfiguration section */
		2F1111CB19AB62A9007EF013 /* Debug */ = {
			isa = XCBuildConfiguration;
			buildSettings = {
				ALWAYS_SEARCH_USER_PATHS = NO;
				CLANG_CXX_LANGUAGE_STANDARD = "gnu++0x";
				CLANG_CXX_LIBRARY = "libc++";
				CLANG_ENABLE_MODULES = YES;
				CLANG_ENABLE_OBJC_ARC = YES;
				CLANG_WARN_BOOL_CONVERSION = YES;
				CLANG_WARN_CONSTANT_CONVERSION = YES;
				CLANG_WARN_DIRECT_OBJC_ISA_USAGE = YES_ERROR;
				CLANG_WARN_EMPTY_BODY = YES;
				CLANG_WARN_ENUM_CONVERSION = YES;
				CLANG_WARN_INT_CONVERSION = YES;
				CLANG_WARN_OBJC_ROOT_CLASS = YES_ERROR;
				CLANG_WARN__DUPLICATE_METHOD_MATCH = YES;
				"CODE_SIGN_IDENTITY[sdk=iphoneos*]" = "iPhone Developer";
				COPY_PHASE_STRIP = NO;
				GCC_C_LANGUAGE_STANDARD = gnu99;
				GCC_DYNAMIC_NO_PIC = NO;
				GCC_OPTIMIZATION_LEVEL = 0;
				GCC_PREPROCESSOR_DEFINITIONS = (
					"DEBUG=1",
					"$(inherited)",
				);
				GCC_SYMBOLS_PRIVATE_EXTERN = NO;
				GCC_WARN_64_TO_32_BIT_CONVERSION = YES;
				GCC_WARN_ABOUT_RETURN_TYPE = YES_ERROR;
				GCC_WARN_UNDECLARED_SELECTOR = YES;
				GCC_WARN_UNINITIALIZED_AUTOS = YES_AGGRESSIVE;
				GCC_WARN_UNUSED_FUNCTION = YES;
				GCC_WARN_UNUSED_VARIABLE = YES;
				IPHONEOS_DEPLOYMENT_TARGET = 7.1;
				ONLY_ACTIVE_ARCH = YES;
				SDKROOT = iphoneos;
				TARGETED_DEVICE_FAMILY = "1,2";
			};
			name = Debug;
		};
		2F1111CC19AB62A9007EF013 /* Release */ = {
			isa = XCBuildConfiguration;
			buildSettings = {
				ALWAYS_SEARCH_USER_PATHS = NO;
				CLANG_CXX_LANGUAGE_STANDARD = "gnu++0x";
				CLANG_CXX_LIBRARY = "libc++";
				CLANG_ENABLE_MODULES = YES;
				CLANG_ENABLE_OBJC_ARC = YES;
				CLANG_WARN_BOOL_CONVERSION = YES;
				CLANG_WARN_CONSTANT_CONVERSION = YES;
				CLANG_WARN_DIRECT_OBJC_ISA_USAGE = YES_ERROR;
				CLANG_WARN_EMPTY_BODY = YES;
				CLANG_WARN_ENUM_CONVERSION = YES;
				CLANG_WARN_INT_CONVERSION = YES;
				CLANG_WARN_OBJC_ROOT_CLASS = YES_ERROR;
				CLANG_WARN__DUPLICATE_METHOD_MATCH = YES;
				"CODE_SIGN_IDENTITY[sdk=iphoneos*]" = "iPhone Developer";
				COPY_PHASE_STRIP = YES;
				ENABLE_NS_ASSERTIONS = NO;
				GCC_C_LANGUAGE_STANDARD = gnu99;
				GCC_WARN_64_TO_32_BIT_CONVERSION = YES;
				GCC_WARN_ABOUT_RETURN_TYPE = YES_ERROR;
				GCC_WARN_UNDECLARED_SELECTOR = YES;
				GCC_WARN_UNINITIALIZED_AUTOS = YES_AGGRESSIVE;
				GCC_WARN_UNUSED_FUNCTION = YES;
				GCC_WARN_UNUSED_VARIABLE = YES;
				IPHONEOS_DEPLOYMENT_TARGET = 7.1;
				SDKROOT = iphoneos;
				TARGETED_DEVICE_FAMILY = "1,2";
				VALIDATE_PRODUCT = YES;
			};
			name = Release;
		};
		2F1111CE19AB62A9007EF013 /* Debug */ = {
			isa = XCBuildConfiguration;
			buildSettings = {
				ASSETCATALOG_COMPILER_APPICON_NAME = AppIcon;
				ASSETCATALOG_COMPILER_LAUNCHIMAGE_NAME = LaunchImage;
				GCC_PRECOMPILE_PREFIX_HEADER = YES;
				GCC_PREFIX_HEADER = "student datail/student datail-Prefix.pch";
				INFOPLIST_FILE = "student datail/student datail-Info.plist";
				PRODUCT_NAME = "$(TARGET_NAME)";
				WRAPPER_EXTENSION = app;
			};
			name = Debug;
		};
		2F1111CF19AB62A9007EF013 /* Release */ = {
			isa = XCBuildConfiguration;
			buildSettings = {
				ASSETCATALOG_COMPILER_APPICON_NAME = AppIcon;
				ASSETCATALOG_COMPILER_LAUNCHIMAGE_NAME = LaunchImage;
				GCC_PRECOMPILE_PREFIX_HEADER = YES;
				GCC_PREFIX_HEADER = "student datail/student datail-Prefix.pch";
				INFOPLIST_FILE = "student datail/student datail-Info.plist";
				PRODUCT_NAME = "$(TARGET_NAME)";
				WRAPPER_EXTENSION = app;
			};
			name = Release;
		};
		2F1111D119AB62A9007EF013 /* Debug */ = {
			isa = XCBuildConfiguration;
			buildSettings = {
				BUNDLE_LOADER = "$(BUILT_PRODUCTS_DIR)/student datail.app/student datail";
				FRAMEWORK_SEARCH_PATHS = (
					"$(SDKROOT)/Developer/Library/Frameworks",
					"$(inherited)",
					"$(DEVELOPER_FRAMEWORKS_DIR)",
				);
				GCC_PRECOMPILE_PREFIX_HEADER = YES;
				GCC_PREFIX_HEADER = "student datail/student datail-Prefix.pch";
				GCC_PREPROCESSOR_DEFINITIONS = (
					"DEBUG=1",
					"$(inherited)",
				);
				INFOPLIST_FILE = "student datailTests/student datailTests-Info.plist";
				PRODUCT_NAME = "$(TARGET_NAME)";
				TEST_HOST = "$(BUNDLE_LOADER)";
				WRAPPER_EXTENSION = xctest;
			};
			name = Debug;
		};
		2F1111D219AB62A9007EF013 /* Release */ = {
			isa = XCBuildConfiguration;
			buildSettings = {
				BUNDLE_LOADER = "$(BUILT_PRODUCTS_DIR)/student datail.app/student datail";
				FRAMEWORK_SEARCH_PATHS = (
					"$(SDKROOT)/Developer/Library/Frameworks",
					"$(inherited)",
					"$(DEVELOPER_FRAMEWORKS_DIR)",
				);
				GCC_PRECOMPILE_PREFIX_HEADER = YES;
				GCC_PREFIX_HEADER = "student datail/student datail-Prefix.pch";
				INFOPLIST_FILE = "student datailTests/student datailTests-Info.plist";
				PRODUCT_NAME = "$(TARGET_NAME)";
				TEST_HOST = "$(BUNDLE_LOADER)";
				WRAPPER_EXTENSION = xctest;
			};
			name = Release;
		};
/* End XCBuildConfiguration section */

/* Begin XCConfigurationList section */
		2F11119319AB62A8007EF013 /* Build configuration list for PBXProject "student datail" */ = {
			isa = XCConfigurationList;
			buildConfigurations = (
				2F1111CB19AB62A9007EF013 /* Debug */,
				2F1111CC19AB62A9007EF013 /* Release */,
			);
			defaultConfigurationIsVisible = 0;
			defaultConfigurationName = Release;
		};
		2F1111CD19AB62A9007EF013 /* Build configuration list for PBXNativeTarget "student datail" */ = {
			isa = XCConfigurationList;
			buildConfigurations = (
				2F1111CE19AB62A9007EF013 /* Debug */,
				2F1111CF19AB62A9007EF013 /* Release */,
			);
			defaultConfigurationIsVisible = 0;
			defaultConfigurationName = Release;
		};
		2F1111D019AB62A9007EF013 /* Build configuration list for PBXNativeTarget "student datailTests" */ = {
			isa = XCConfigurationList;
			buildConfigurations = (
				2F1111D119AB62A9007EF013 /* Debug */,
				2F1111D219AB62A9007EF013 /* Release */,
			);
			defaultConfigurationIsVisible = 0;
			defaultConfigurationName = Release;
		};
/* End XCConfigurationList section */
	};
	rootObject = 2F11119019AB62A8007EF013 /* Project object */;
}
